
Microsoft Visual Studio Solution File, Format Version 12.00
# Visual Studio Version 17
VisualStudioVersion = 17.13.35825.156 d17.13
MinimumVisualStudioVersion = 10.0.40219.1
Project("{FAE04EC0-301F-11D3-BF4B-00C04F79EFBC}") = "OrderMenu", "OrderMenu\OrderMenu.csproj", "{77D6C801-070B-47D5-BE1A-2787ABA40788}"
EndProject
Global
	GlobalSection(SolutionConfigurationPlatforms) = preSolution
		Debug|Any CPU = Debug|Any CPU
		Release|Any CPU = Release|Any CPU
	EndGlobalSection
	GlobalSection(ProjectConfigurationPlatforms) = postSolution
		{77D6C801-070B-47D5-BE1A-2787ABA40788}.Debug|Any CPU.ActiveCfg = Debug|Any CPU
		{77D6C801-070B-47D5-BE1A-2787ABA40788}.Debug|Any CPU.Build.0 = Debug|Any CPU
		{77D6C801-070B-47D5-BE1A-2787ABA40788}.Release|Any CPU.ActiveCfg = Release|Any CPU
		{77D6C801-070B-47D5-BE1A-2787ABA40788}.Release|Any CPU.Build.0 = Release|Any CPU
	EndGlobalSection
	GlobalSection(SolutionProperties) = preSolution
		HideSolutionNode = FALSE
	EndGlobalSection
	GlobalSection(ExtensibilityGlobals) = postSolution
		SolutionGuid = {7B0B17CB-1524-4A95-BF2A-0AC8E9822A3B}
	EndGlobalSection
EndGlobal
